// !$*UTF8*$!
{
	archiveVersion = 1;
	classes = {
	};
	objectVersion = 46;
	objects = {

/* Begin PBXBuildFile section */
		9DF6AF231A26005E00AAF2A1 /* main.m in Sources */ = {isa = PBXBuildFile; fileRef = 9DF6AF221A26005E00AAF2A1 /* main.m */; };
		9DF6AF261A26005E00AAF2A1 /* AppDelegate.m in Sources */ = {isa = PBXBuildFile; fileRef = 9DF6AF251A26005E00AAF2A1 /* AppDelegate.m */; };
		9DF6AF291A26005E00AAF2A1 /* memoApp.xcdatamodeld in Sources */ = {isa = PBXBuildFile; fileRef = 9DF6AF271A26005E00AAF2A1 /* memoApp.xcdatamodeld */; };
		9DF6AF2C1A26005E00AAF2A1 /* MEListViewController.m in Sources */ = {isa = PBXBuildFile; fileRef = 9DF6AF2B1A26005E00AAF2A1 /* MEListViewController.m */; };
		9DF6AF2F1A26005E00AAF2A1 /* Main.storyboard in Resources */ = {isa = PBXBuildFile; fileRef = 9DF6AF2D1A26005E00AAF2A1 /* Main.storyboard */; };
		9DF6AF311A26005E00AAF2A1 /* Images.xcassets in Resources */ = {isa = PBXBuildFile; fileRef = 9DF6AF301A26005E00AAF2A1 /* Images.xcassets */; };
		9DF6AF341A26005E00AAF2A1 /* LaunchScreen.xib in Resources */ = {isa = PBXBuildFile; fileRef = 9DF6AF321A26005E00AAF2A1 /* LaunchScreen.xib */; };
		9DF6AF401A26005E00AAF2A1 /* memoAppTests.m in Sources */ = {isa = PBXBuildFile; fileRef = 9DF6AF3F1A26005E00AAF2A1 /* memoAppTests.m */; };
		9DF6AF4B1A260B7700AAF2A1 /* MEEditViewControler.m in Sources */ = {isa = PBXBuildFile; fileRef = 9DF6AF4A1A260B7700AAF2A1 /* MEEditViewControler.m */; };
		9DF6AF4E1A2618EF00AAF2A1 /* MEInfoViewController.m in Sources */ = {isa = PBXBuildFile; fileRef = 9DF6AF4D1A2618EF00AAF2A1 /* MEInfoViewController.m */; };
/* End PBXBuildFile section */

/* Begin PBXContainerItemProxy section */
		9DF6AF3A1A26005E00AAF2A1 /* PBXContainerItemProxy */ = {
			isa = PBXContainerItemProxy;
			containerPortal = 9DF6AF151A26005E00AAF2A1 /* Project object */;
			proxyType = 1;
			remoteGlobalIDString = 9DF6AF1C1A26005E00AAF2A1;
			remoteInfo = memoApp;
		};
/* End PBXContainerItemProxy section */

/* Begin PBXFileReference section */
		9DF6AF1D1A26005E00AAF2A1 /* memoApp.app */ = {isa = PBXFileReference; explicitFileType = wrapper.application; includeInIndex = 0; path = memoApp.app; sourceTree = BUILT_PRODUCTS_DIR; };
		9DF6AF211A26005E00AAF2A1 /* Info.plist */ = {isa = PBXFileReference; lastKnownFileType = text.plist.xml; path = Info.plist; sourceTree = "<group>"; };
		9DF6AF221A26005E00AAF2A1 /* main.m */ = {isa = PBXFileReference; lastKnownFileType = sourcecode.c.objc; path = main.m; sourceTree = "<group>"; };
		9DF6AF241A26005E00AAF2A1 /* AppDelegate.h */ = {isa = PBXFileReference; lastKnownFileType = sourcecode.c.h; path = AppDelegate.h; sourceTree = "<group>"; };
		9DF6AF251A26005E00AAF2A1 /* AppDelegate.m */ = {isa = PBXFileReference; lastKnownFileType = sourcecode.c.objc; path = AppDelegate.m; sourceTree = "<group>"; };
		9DF6AF281A26005E00AAF2A1 /* memoApp.xcdatamodel */ = {isa = PBXFileReference; lastKnownFileType = wrapper.xcdatamodel; path = memoApp.xcdatamodel; sourceTree = "<group>"; };
		9DF6AF2A1A26005E00AAF2A1 /* MEListViewController.h */ = {isa = PBXFileReference; lastKnownFileType = sourcecode.c.h; path = MEListViewController.h; sourceTree = "<group>"; };
		9DF6AF2B1A26005E00AAF2A1 /* MEListViewController.m */ = {isa = PBXFileReference; lastKnownFileType = sourcecode.c.objc; path = MEListViewController.m; sourceTree = "<group>"; };
		9DF6AF2E1A26005E00AAF2A1 /* Base */ = {isa = PBXFileReference; lastKnownFileType = file.storyboard; name = Base; path = Base.lproj/Main.storyboard; sourceTree = "<group>"; };
		9DF6AF301A26005E00AAF2A1 /* Images.xcassets */ = {isa = PBXFileReference; lastKnownFileType = folder.assetcatalog; path = Images.xcassets; sourceTree = "<group>"; };
		9DF6AF331A26005E00AAF2A1 /* Base */ = {isa = PBXFileReference; lastKnownFileType = file.xib; name = Base; path = Base.lproj/LaunchScreen.xib; sourceTree = "<group>"; };
		9DF6AF391A26005E00AAF2A1 /* memoAppTests.xctest */ = {isa = PBXFileReference; explicitFileType = wrapper.cfbundle; includeInIndex = 0; path = memoAppTests.xctest; sourceTree = BUILT_PRODUCTS_DIR; };
		9DF6AF3E1A26005E00AAF2A1 /* Info.plist */ = {isa = PBXFileReference; lastKnownFileType = text.plist.xml; path = Info.plist; sourceTree = "<group>"; };
		9DF6AF3F1A26005E00AAF2A1 /* memoAppTests.m */ = {isa = PBXFileReference; lastKnownFileType = sourcecode.c.objc; path = memoAppTests.m; sourceTree = "<group>"; };
		9DF6AF491A260B7700AAF2A1 /* MEEditViewControler.h */ = {isa = PBXFileReference; fileEncoding = 4; lastKnownFileType = sourcecode.c.h; path = MEEditViewControler.h; sourceTree = "<group>"; };
		9DF6AF4A1A260B7700AAF2A1 /* MEEditViewControler.m */ = {isa = PBXFileReference; fileEncoding = 4; lastKnownFileType = sourcecode.c.objc; path = MEEditViewControler.m; sourceTree = "<group>"; };
		9DF6AF4C1A2618EF00AAF2A1 /* MEInfoViewController.h */ = {isa = PBXFileReference; fileEncoding = 4; lastKnownFileType = sourcecode.c.h; path = MEInfoViewController.h; sourceTree = "<group>"; };
		9DF6AF4D1A2618EF00AAF2A1 /* MEInfoViewController.m */ = {isa = PBXFileReference; fileEncoding = 4; lastKnownFileType = sourcecode.c.objc; path = MEInfoViewController.m; sourceTree = "<group>"; };
/* End PBXFileReference section */

/* Begin PBXFrameworksBuildPhase section */
		9DF6AF1A1A26005E00AAF2A1 /* Frameworks */ = {
			isa = PBXFrameworksBuildPhase;
			buildActionMask = 2147483647;
			files = (
			);
			runOnlyForDeploymentPostprocessing = 0;
		};
		9DF6AF361A26005E00AAF2A1 /* Frameworks */ = {
			isa = PBXFrameworksBuildPhase;
			buildActionMask = 2147483647;
			files = (
			);
			runOnlyForDeploymentPostprocessing = 0;
		};
/* End PBXFrameworksBuildPhase section */

/* Begin PBXGroup section */
		9DF6AF141A26005E00AAF2A1 = {
			isa = PBXGroup;
			children = (
				9DF6AF1F1A26005E00AAF2A1 /* memoApp */,
				9DF6AF3C1A26005E00AAF2A1 /* memoAppTests */,
				9DF6AF1E1A26005E00AAF2A1 /* Products */,
			);
			sourceTree = "<group>";
		};
		9DF6AF1E1A26005E00AAF2A1 /* Products */ = {
			isa = PBXGroup;
			children = (
				9DF6AF1D1A26005E00AAF2A1 /* memoApp.app */,
				9DF6AF391A26005E00AAF2A1 /* memoAppTests.xctest */,
			);
			name = Products;
			sourceTree = "<group>";
		};
		9DF6AF1F1A26005E00AAF2A1 /* memoApp */ = {
			isa = PBXGroup;
			children = (
				9DF6AF241A26005E00AAF2A1 /* AppDelegate.h */,
				9DF6AF251A26005E00AAF2A1 /* AppDelegate.m */,
				9DF6AF2A1A26005E00AAF2A1 /* MEListViewController.h */,
				9DF6AF2B1A26005E00AAF2A1 /* MEListViewController.m */,
				9DF6AF491A260B7700AAF2A1 /* MEEditViewControler.h */,
				9DF6AF4A1A260B7700AAF2A1 /* MEEditViewControler.m */,
				9DF6AF4C1A2618EF00AAF2A1 /* MEInfoViewController.h */,
				9DF6AF4D1A2618EF00AAF2A1 /* MEInfoViewController.m */,
				9DF6AF2D1A26005E00AAF2A1 /* Main.storyboard */,
				9DF6AF301A26005E00AAF2A1 /* Images.xcassets */,
				9DF6AF321A26005E00AAF2A1 /* LaunchScreen.xib */,
				9DF6AF271A26005E00AAF2A1 /* memoApp.xcdatamodeld */,
				9DF6AF201A26005E00AAF2A1 /* Supporting Files */,
			);
			path = memoApp;
			sourceTree = "<group>";
		};
		9DF6AF201A26005E00AAF2A1 /* Supporting Files */ = {
			isa = PBXGroup;
			children = (
				9DF6AF211A26005E00AAF2A1 /* Info.plist */,
				9DF6AF221A26005E00AAF2A1 /* main.m */,
			);
			name = "Supporting Files";
			sourceTree = "<group>";
		};
		9DF6AF3C1A26005E00AAF2A1 /* memoAppTests */ = {
			isa = PBXGroup;
			children = (
				9DF6AF3F1A26005E00AAF2A1 /* memoAppTests.m */,
				9DF6AF3D1A26005E00AAF2A1 /* Supporting Files */,
			);
			path = memoAppTests;
			sourceTree = "<group>";
		};
		9DF6AF3D1A26005E00AAF2A1 /* Supporting Files */ = {
			isa = PBXGroup;
			children = (
				9DF6AF3E1A26005E00AAF2A1 /* Info.plist */,
			);
			name = "Supporting Files";
			sourceTree = "<group>";
		};
/* End PBXGroup section */

/* Begin PBXNativeTarget section */
		9DF6AF1C1A26005E00AAF2A1 /* memoApp */ = {
			isa = PBXNativeTarget;
			buildConfigurationList = 9DF6AF431A26005E00AAF2A1 /* Build configuration list for PBXNativeTarget "memoApp" */;
			buildPhases = (
				9DF6AF191A26005E00AAF2A1 /* Sources */,
				9DF6AF1A1A26005E00AAF2A1 /* Frameworks */,
				9DF6AF1B1A26005E00AAF2A1 /* Resources */,
			);
			buildRules = (
			);
			dependencies = (
			);
			name = memoApp;
			productName = memoApp;
			productReference = 9DF6AF1D1A26005E00AAF2A1 /* memoApp.app */;
			productType = "com.apple.product-type.application";
		};
		9DF6AF381A26005E00AAF2A1 /* memoAppTests */ = {
			isa = PBXNativeTarget;
			buildConfigurationList = 9DF6AF461A26005E00AAF2A1 /* Build configuration list for PBXNativeTarget "memoAppTests" */;
			buildPhases = (
				9DF6AF351A26005E00AAF2A1 /* Sources */,
				9DF6AF361A26005E00AAF2A1 /* Frameworks */,
				9DF6AF371A26005E00AAF2A1 /* Resources */,
			);
			buildRules = (
			);
			dependencies = (
				9DF6AF3B1A26005E00AAF2A1 /* PBXTargetDependency */,
			);
			name = memoAppTests;
			productName = memoAppTests;
			productReference = 9DF6AF391A26005E00AAF2A1 /* memoAppTests.xctest */;
			productType = "com.apple.product-type.bundle.unit-test";
		};
/* End PBXNativeTarget section */

/* Begin PBXProject section */
		9DF6AF151A26005E00AAF2A1 /* Project object */ = {
			isa = PBXProject;
			attributes = {
				LastUpgradeCheck = 0610;
				ORGANIZATIONNAME = maeda;
				TargetAttributes = {
					9DF6AF1C1A26005E00AAF2A1 = {
						CreatedOnToolsVersion = 6.1;
					};
					9DF6AF381A26005E00AAF2A1 = {
						CreatedOnToolsVersion = 6.1;
						TestTargetID = 9DF6AF1C1A26005E00AAF2A1;
					};
				};
			};
			buildConfigurationList = 9DF6AF181A26005E00AAF2A1 /* Build configuration list for PBXProject "memoApp" */;
			compatibilityVersion = "Xcode 3.2";
			developmentRegion = English;
			hasScannedForEncodings = 0;
			knownRegions = (
				en,
				Base,
			);
			mainGroup = 9DF6AF141A26005E00AAF2A1;
			productRefGroup = 9DF6AF1E1A26005E00AAF2A1 /* Products */;
			projectDirPath = "";
			projectRoot = "";
			targets = (
				9DF6AF1C1A26005E00AAF2A1 /* memoApp */,
				9DF6AF381A26005E00AAF2A1 /* memoAppTests */,
			);
		};
/* End PBXProject section */

/* Begin PBXResourcesBuildPhase section */
		9DF6AF1B1A26005E00AAF2A1 /* Resources */ = {
			isa = PBXResourcesBuildPhase;
			buildActionMask = 2147483647;
			files = (
				9DF6AF2F1A26005E00AAF2A1 /* Main.storyboard in Resources */,
				9DF6AF341A26005E00AAF2A1 /* LaunchScreen.xib in Resources */,
				9DF6AF311A26005E00AAF2A1 /* Images.xcassets in Resources */,
			);
			runOnlyForDeploymentPostprocessing = 0;
		};
		9DF6AF371A26005E00AAF2A1 /* Resources */ = {
			isa = PBXResourcesBuildPhase;
			buildActionMask = 2147483647;
			files = (
			);
			runOnlyForDeploymentPostprocessing = 0;
		};
/* End PBXResourcesBuildPhase section */

/* Begin PBXSourcesBuildPhase section */
		9DF6AF191A26005E00AAF2A1 /* Sources */ = {
			isa = PBXSourcesBuildPhase;
			buildActionMask = 2147483647;
			files = (
				9DF6AF291A26005E00AAF2A1 /* memoApp.xcdatamodeld in Sources */,
				9DF6AF4B1A260B7700AAF2A1 /* MEEditViewControler.m in Sources */,
				9DF6AF4E1A2618EF00AAF2A1 /* MEInfoViewController.m in Sources */,
				9DF6AF261A26005E00AAF2A1 /* AppDelegate.m in Sources */,
				9DF6AF2C1A26005E00AAF2A1 /* MEListViewController.m in Sources */,
				9DF6AF231A26005E00AAF2A1 /* main.m in Sources */,
			);
			runOnlyForDeploymentPostprocessing = 0;
		};
		9DF6AF351A26005E00AAF2A1 /* Sources */ = {
			isa = PBXSourcesBuildPhase;
			buildActionMask = 2147483647;
			files = (
				9DF6AF401A26005E00AAF2A1 /* memoAppTests.m in Sources */,
			);
			runOnlyForDeploymentPostprocessing = 0;
		};
/* End PBXSourcesBuildPhase section */

/* Begin PBXTargetDependency section */
		9DF6AF3B1A26005E00AAF2A1 /* PBXTargetDependency */ = {
			isa = PBXTargetDependency;
			target = 9DF6AF1C1A26005E00AAF2A1 /* memoApp */;
			targetProxy = 9DF6AF3A1A26005E00AAF2A1 /* PBXContainerItemProxy */;
		};
/* End PBXTargetDependency section */

/* Begin PBXVariantGroup section */
		9DF6AF2D1A26005E00AAF2A1 /* Main.storyboard */ = {
			isa = PBXVariantGroup;
			children = (
				9DF6AF2E1A26005E00AAF2A1 /* Base */,
			);
			name = Main.storyboard;
			sourceTree = "<group>";
		};
		9DF6AF321A26005E00AAF2A1 /* LaunchScreen.xib */ = {
			isa = PBXVariantGroup;
			children = (
				9DF6AF331A26005E00AAF2A1 /* Base */,
			);
			name = LaunchScreen.xib;
			sourceTree = "<group>";
		};
/* End PBXVariantGroup section */

/* Begin XCBuildConfiguration section */
		9DF6AF411A26005E00AAF2A1 /* Debug */ = {
			isa = XCBuildConfiguration;
			buildSettings = {
				ALWAYS_SEARCH_USER_PATHS = NO;
				CLANG_CXX_LANGUAGE_STANDARD = "gnu++0x";
				CLANG_CXX_LIBRARY = "libc++";
				CLANG_ENABLE_MODULES = YES;
				CLANG_ENABLE_OBJC_ARC = YES;
				CLANG_WARN_BOOL_CONVERSION = YES;
				CLANG_WARN_CONSTANT_CONVERSION = YES;
				CLANG_WARN_DIRECT_OBJC_ISA_USAGE = YES_ERROR;
				CLANG_WARN_EMPTY_BODY = YES;
				CLANG_WARN_ENUM_CONVERSION = YES;
				CLANG_WARN_INT_CONVERSION = YES;
				CLANG_WARN_OBJC_ROOT_CLASS = YES_ERROR;
				CLANG_WARN_UNREACHABLE_CODE = YES;
				CLANG_WARN__DUPLICATE_METHOD_MATCH = YES;
				"CODE_SIGN_IDENTITY[sdk=iphoneos*]" = "iPhone Developer";
				COPY_PHASE_STRIP = NO;
				ENABLE_STRICT_OBJC_MSGSEND = YES;
				GCC_C_LANGUAGE_STANDARD = gnu99;
				GCC_DYNAMIC_NO_PIC = NO;
				GCC_OPTIMIZATION_LEVEL = 0;
				GCC_PREPROCESSOR_DEFINITIONS = (
					"DEBUG=1",
					"$(inherited)",
				);
				GCC_SYMBOLS_PRIVATE_EXTERN = NO;
				GCC_WARN_64_TO_32_BIT_CONVERSION = YES;
				GCC_WARN_ABOUT_RETURN_TYPE = YES_ERROR;
				GCC_WARN_UNDECLARED_SELECTOR = YES;
				GCC_WARN_UNINITIALIZED_AUTOS = YES_AGGRESSIVE;
				GCC_WARN_UNUSED_FUNCTION = YES;
				GCC_WARN_UNUSED_VARIABLE = YES;
				IPHONEOS_DEPLOYMENT_TARGET = 8.1;
				MTL_ENABLE_DEBUG_INFO = YES;
				ONLY_ACTIVE_ARCH = YES;
				SDKROOT = iphoneos;
			};
			name = Debug;
		};
		9DF6AF421A26005E00AAF2A1 /* Release */ = {
			isa = XCBuildConfiguration;
			buildSettings = {
				ALWAYS_SEARCH_USER_PATHS = NO;
				CLANG_CXX_LANGUAGE_STANDARD = "gnu++0x";
				CLANG_CXX_LIBRARY = "libc++";
				CLANG_ENABLE_MODULES = YES;
				CLANG_ENABLE_OBJC_ARC = YES;
				CLANG_WARN_BOOL_CONVERSION = YES;
				CLANG_WARN_CONSTANT_CONVERSION = YES;
				CLANG_WARN_DIRECT_OBJC_ISA_USAGE = YES_ERROR;
				CLANG_WARN_EMPTY_BODY = YES;
				CLANG_WARN_ENUM_CONVERSION = YES;
				CLANG_WARN_INT_CONVERSION = YES;
				CLANG_WARN_OBJC_ROOT_CLASS = YES_ERROR;
				CLANG_WARN_UNREACHABLE_CODE = YES;
				CLANG_WARN__DUPLICATE_METHOD_MATCH = YES;
				"CODE_SIGN_IDENTITY[sdk=iphoneos*]" = "iPhone Developer";
				COPY_PHASE_STRIP = YES;
				ENABLE_NS_ASSERTIONS = NO;
				ENABLE_STRICT_OBJC_MSGSEND = YES;
				GCC_C_LANGUAGE_STANDARD = gnu99;
				GCC_WARN_64_TO_32_BIT_CONVERSION = YES;
				GCC_WARN_ABOUT_RETURN_TYPE = YES_ERROR;
				GCC_WARN_UNDECLARED_SELECTOR = YES;
				GCC_WARN_UNINITIALIZED_AUTOS = YES_AGGRESSIVE;
				GCC_WARN_UNUSED_FUNCTION = YES;
				GCC_WARN_UNUSED_VARIABLE = YES;
				IPHONEOS_DEPLOYMENT_TARGET = 8.1;
				MTL_ENABLE_DEBUG_INFO = NO;
				SDKROOT = iphoneos;
				VALIDATE_PRODUCT = YES;
			};
			name = Release;
		};
		9DF6AF441A26005E00AAF2A1 /* Debug */ = {
			isa = XCBuildConfiguration;
			buildSettings = {
				ASSETCATALOG_COMPILER_APPICON_NAME = AppIcon;
				INFOPLIST_FILE = memoApp/Info.plist;
				LD_RUNPATH_SEARCH_PATHS = "$(inherited) @executable_path/Frameworks";
				PRODUCT_NAME = "$(TARGET_NAME)";
			};
			name = Debug;
		};
		9DF6AF451A26005E00AAF2A1 /* Release */ = {
			isa = XCBuildConfiguration;
			buildSettings = {
				ASSETCATALOG_COMPILER_APPICON_NAME = AppIcon;
				INFOPLIST_FILE = memoApp/Info.plist;
				LD_RUNPATH_SEARCH_PATHS = "$(inherited) @executable_path/Frameworks";
				PRODUCT_NAME = "$(TARGET_NAME)";
			};
			name = Release;
		};
		9DF6AF471A26005E00AAF2A1 /* Debug */ = {
			isa = XCBuildConfiguration;
			buildSettings = {
				BUNDLE_LOADER = "$(TEST_HOST)";
				FRAMEWORK_SEARCH_PATHS = (
					"$(SDKROOT)/Developer/Library/Frameworks",
					"$(inherited)",
				);
				GCC_PREPROCESSOR_DEFINITIONS = (
					"DEBUG=1",
					"$(inherited)",
				);
				INFOPLIST_FILE = memoAppTests/Info.plist;
				LD_RUNPATH_SEARCH_PATHS = "$(inherited) @executable_path/Frameworks @loader_path/Frameworks";
				PRODUCT_NAME = "$(TARGET_NAME)";
				TEST_HOST = "$(BUILT_PRODUCTS_DIR)/memoApp.app/memoApp";
			};
			name = Debug;
		};
		9DF6AF481A26005E00AAF2A1 /* Release */ = {
			isa = XCBuildConfiguration;
			buildSettings = {
				BUNDLE_LOADER = "$(TEST_HOST)";
				FRAMEWORK_SEARCH_PATHS = (
					"$(SDKROOT)/Developer/Library/Frameworks",
					"$(inherited)",
				);
				INFOPLIST_FILE = memoAppTests/Info.plist;
				LD_RUNPATH_SEARCH_PATHS = "$(inherited) @executable_path/Frameworks @loader_path/Frameworks";
				PRODUCT_NAME = "$(TARGET_NAME)";
				TEST_HOST = "$(BUILT_PRODUCTS_DIR)/memoApp.app/memoApp";
			};
			name = Release;
		};
/* End XCBuildConfiguration section */

/* Begin XCConfigurationList section */
		9DF6AF181A26005E00AAF2A1 /* Build configuration list for PBXProject "memoApp" */ = {
			isa = XCConfigurationList;
			buildConfigurations = (
				9DF6AF411A26005E00AAF2A1 /* Debug */,
				9DF6AF421A26005E00AAF2A1 /* Release */,
			);
			defaultConfigurationIsVisible = 0;
			defaultConfigurationName = Release;
		};
		9DF6AF431A26005E00AAF2A1 /* Build configuration list for PBXNativeTarget "memoApp" */ = {
			isa = XCConfigurationList;
			buildConfigurations = (
				9DF6AF441A26005E00AAF2A1 /* Debug */,
				9DF6AF451A26005E00AAF2A1 /* Release */,
			);
			defaultConfigurationIsVisible = 0;
		};
		9DF6AF461A26005E00AAF2A1 /* Build configuration list for PBXNativeTarget "memoAppTests" */ = {
			isa = XCConfigurationList;
			buildConfigurations = (
				9DF6AF471A26005E00AAF2A1 /* Debug */,
				9DF6AF481A26005E00AAF2A1 /* Release */,
			);
			defaultConfigurationIsVisible = 0;
		};
/* End XCConfigurationList section */

/* Begin XCVersionGroup section */
		9DF6AF271A26005E00AAF2A1 /* memoApp.xcdatamodeld */ = {
			isa = XCVersionGroup;
			children = (
				9DF6AF281A26005E00AAF2A1 /* memoApp.xcdatamodel */,
			);
			currentVersion = 9DF6AF281A26005E00AAF2A1 /* memoApp.xcdatamodel */;
			path = memoApp.xcdatamodeld;
			sourceTree = "<group>";
			versionGroupType = wrapper.xcdatamodel;
		};
/* End XCVersionGroup section */
	};
	rootObject = 9DF6AF151A26005E00AAF2A1 /* Project object */;
}
